
Microsoft Visual Studio Solution File, Format Version 12.00
# Visual Studio Version 17
VisualStudioVersion = 17.10.35122.118
MinimumVisualStudioVersion = 10.0.40219.1
Project("{8BC9CEB8-8B4A-11D0-8D11-00A0C91BC942}") = "FirstProject", "FirstProgram\FirstProgram.vcxproj", "{7A1DAF96-CBF2-4EDB-BE09-2C8AC8CCE812}"
EndProject
Project("{8BC9CEB8-8B4A-11D0-8D11-00A0C91BC942}") = "SizeOfOperators", "SizeOfOperators\SizeOfOperators.vcxproj", "{8D048551-5398-41F4-8113-55DA51E61AC1}"
EndProject
Project("{8BC9CEB8-8B4A-11D0-8D11-00A0C91BC942}") = "Constants", "Constants\Constants.vcxproj", "{545ADD52-C2B7-48D1-BAAC-E9B0A001338B}"
EndProject
Project("{8BC9CEB8-8B4A-11D0-8D11-00A0C91BC942}") = "Arrays", "Arrays\Arrays.vcxproj", "{62BA917C-2EF1-45D1-8FA5-ECA4D3DBFAB4}"
EndProject
Project("{8BC9CEB8-8B4A-11D0-8D11-00A0C91BC942}") = "Vectors", "Vectors\Vectors.vcxproj", "{6FE59214-3A93-466F-9A40-71360ABF58E7}"
EndProject
Project("{8BC9CEB8-8B4A-11D0-8D11-00A0C91BC942}") = "Vector_Challenge", "Vector_Challenge\Vector_Challenge.vcxproj", "{FF0636A9-5C74-48F7-971E-AE1519C46239}"
EndProject
Global
	GlobalSection(SolutionConfigurationPlatforms) = preSolution
		Debug|x64 = Debug|x64
		Debug|x86 = Debug|x86
		Release|x64 = Release|x64
		Release|x86 = Release|x86
	EndGlobalSection
	GlobalSection(ProjectConfigurationPlatforms) = postSolution
		{7A1DAF96-CBF2-4EDB-BE09-2C8AC8CCE812}.Debug|x64.ActiveCfg = Debug|x64
		{7A1DAF96-CBF2-4EDB-BE09-2C8AC8CCE812}.Debug|x64.Build.0 = Debug|x64
		{7A1DAF96-CBF2-4EDB-BE09-2C8AC8CCE812}.Debug|x86.ActiveCfg = Debug|Win32
		{7A1DAF96-CBF2-4EDB-BE09-2C8AC8CCE812}.Debug|x86.Build.0 = Debug|Win32
		{7A1DAF96-CBF2-4EDB-BE09-2C8AC8CCE812}.Release|x64.ActiveCfg = Release|x64
		{7A1DAF96-CBF2-4EDB-BE09-2C8AC8CCE812}.Release|x64.Build.0 = Release|x64
		{7A1DAF96-CBF2-4EDB-BE09-2C8AC8CCE812}.Release|x86.ActiveCfg = Release|Win32
		{7A1DAF96-CBF2-4EDB-BE09-2C8AC8CCE812}.Release|x86.Build.0 = Release|Win32
		{8D048551-5398-41F4-8113-55DA51E61AC1}.Debug|x64.ActiveCfg = Debug|x64
		{8D048551-5398-41F4-8113-55DA51E61AC1}.Debug|x64.Build.0 = Debug|x64
		{8D048551-5398-41F4-8113-55DA51E61AC1}.Debug|x86.ActiveCfg = Debug|Win32
		{8D048551-5398-41F4-8113-55DA51E61AC1}.Debug|x86.Build.0 = Debug|Win32
		{8D048551-5398-41F4-8113-55DA51E61AC1}.Release|x64.ActiveCfg = Release|x64
		{8D048551-5398-41F4-8113-55DA51E61AC1}.Release|x64.Build.0 = Release|x64
		{8D048551-5398-41F4-8113-55DA51E61AC1}.Release|x86.ActiveCfg = Release|Win32
		{8D048551-5398-41F4-8113-55DA51E61AC1}.Release|x86.Build.0 = Release|Win32
		{545ADD52-C2B7-48D1-BAAC-E9B0A001338B}.Debug|x64.ActiveCfg = Debug|x64
		{545ADD52-C2B7-48D1-BAAC-E9B0A001338B}.Debug|x64.Build.0 = Debug|x64
		{545ADD52-C2B7-48D1-BAAC-E9B0A001338B}.Debug|x86.ActiveCfg = Debug|Win32
		{545ADD52-C2B7-48D1-BAAC-E9B0A001338B}.Debug|x86.Build.0 = Debug|Win32
		{545ADD52-C2B7-48D1-BAAC-E9B0A001338B}.Release|x64.ActiveCfg = Release|x64
		{545ADD52-C2B7-48D1-BAAC-E9B0A001338B}.Release|x64.Build.0 = Release|x64
		{545ADD52-C2B7-48D1-BAAC-E9B0A001338B}.Release|x86.ActiveCfg = Release|Win32
		{545ADD52-C2B7-48D1-BAAC-E9B0A001338B}.Release|x86.Build.0 = Release|Win32
		{62BA917C-2EF1-45D1-8FA5-ECA4D3DBFAB4}.Debug|x64.ActiveCfg = Debug|x64
		{62BA917C-2EF1-45D1-8FA5-ECA4D3DBFAB4}.Debug|x64.Build.0 = Debug|x64
		{62BA917C-2EF1-45D1-8FA5-ECA4D3DBFAB4}.Debug|x86.ActiveCfg = Debug|Win32
		{62BA917C-2EF1-45D1-8FA5-ECA4D3DBFAB4}.Debug|x86.Build.0 = Debug|Win32
		{62BA917C-2EF1-45D1-8FA5-ECA4D3DBFAB4}.Release|x64.ActiveCfg = Release|x64
		{62BA917C-2EF1-45D1-8FA5-ECA4D3DBFAB4}.Release|x64.Build.0 = Release|x64
		{62BA917C-2EF1-45D1-8FA5-ECA4D3DBFAB4}.Release|x86.ActiveCfg = Release|Win32
		{62BA917C-2EF1-45D1-8FA5-ECA4D3DBFAB4}.Release|x86.Build.0 = Release|Win32
		{6FE59214-3A93-466F-9A40-71360ABF58E7}.Debug|x64.ActiveCfg = Debug|x64
		{6FE59214-3A93-466F-9A40-71360ABF58E7}.Debug|x64.Build.0 = Debug|x64
		{6FE59214-3A93-466F-9A40-71360ABF58E7}.Debug|x86.ActiveCfg = Debug|Win32
		{6FE59214-3A93-466F-9A40-71360ABF58E7}.Debug|x86.Build.0 = Debug|Win32
		{6FE59214-3A93-466F-9A40-71360ABF58E7}.Release|x64.ActiveCfg = Release|x64
		{6FE59214-3A93-466F-9A40-71360ABF58E7}.Release|x64.Build.0 = Release|x64
		{6FE59214-3A93-466F-9A40-71360ABF58E7}.Release|x86.ActiveCfg = Release|Win32
		{6FE59214-3A93-466F-9A40-71360ABF58E7}.Release|x86.Build.0 = Release|Win32
		{FF0636A9-5C74-48F7-971E-AE1519C46239}.Debug|x64.ActiveCfg = Debug|x64
		{FF0636A9-5C74-48F7-971E-AE1519C46239}.Debug|x64.Build.0 = Debug|x64
		{FF0636A9-5C74-48F7-971E-AE1519C46239}.Debug|x86.ActiveCfg = Debug|Win32
		{FF0636A9-5C74-48F7-971E-AE1519C46239}.Debug|x86.Build.0 = Debug|Win32
		{FF0636A9-5C74-48F7-971E-AE1519C46239}.Release|x64.ActiveCfg = Release|x64
		{FF0636A9-5C74-48F7-971E-AE1519C46239}.Release|x64.Build.0 = Release|x64
		{FF0636A9-5C74-48F7-971E-AE1519C46239}.Release|x86.ActiveCfg = Release|Win32
		{FF0636A9-5C74-48F7-971E-AE1519C46239}.Release|x86.Build.0 = Release|Win32
	EndGlobalSection
	GlobalSection(SolutionProperties) = preSolution
		HideSolutionNode = FALSE
	EndGlobalSection
	GlobalSection(ExtensibilityGlobals) = postSolution
		SolutionGuid = {971B1A17-5521-40D2-87D7-712956155D9E}
	EndGlobalSection
EndGlobal
